
Microsoft Visual Studio Solution File, Format Version 12.00
# Visual Studio Version 16
VisualStudioVersion = 16.0.31402.337
MinimumVisualStudioVersion = 10.0.40219.1
Project("{2150E333-8FDC-42A3-9474-1A3956D46DE8}") = "Solution Items", "Solution Items", "{3D41D1DD-334F-41C2-A1F0-B121AD2ABB08}"
	ProjectSection(SolutionItems) = preProject
		.editorconfig = .editorconfig
		.gitignore = .gitignore
		README.md = README.md
	EndProjectSection
EndProject
Project("{9A19103F-16F7-4668-BE54-9A1E7A4F7556}") = "MeterReadings.Models", "MeterReadings.Models\MeterReadings.Models.csproj", "{CCE3FBF3-A899-4D3E-B104-649D53B46AFB}"
EndProject
Project("{9A19103F-16F7-4668-BE54-9A1E7A4F7556}") = "MeterReadings.Dto", "MeterReadings.Dto\MeterReadings.Dto.csproj", "{BFA8E391-0799-4B68-8BB9-617A972AFC77}"
EndProject
Project("{9A19103F-16F7-4668-BE54-9A1E7A4F7556}") = "MeterReadings.Data", "MeterReadings.Data\MeterReadings.Data.csproj", "{D04AA21E-0F01-4CEE-AC6F-847A90107458}"
EndProject
Project("{9A19103F-16F7-4668-BE54-9A1E7A4F7556}") = "MeterReadings.Service", "MeterReadings.Service\MeterReadings.Service.csproj", "{49FB47ED-3E97-464B-865B-F16F36BFB337}"
EndProject
Project("{9A19103F-16F7-4668-BE54-9A1E7A4F7556}") = "MeterReadings.ServiceTests", "MeterReadings.ServiceTests\MeterReadings.ServiceTests.csproj", "{2B2AFE5B-236C-4C10-A8FA-46432CF4AC00}"
EndProject
Project("{9A19103F-16F7-4668-BE54-9A1E7A4F7556}") = "MeterReadings.TestLibrary", "MeterReadings.TestLibrary\MeterReadings.TestLibrary.csproj", "{65BB5737-A285-4D70-A97E-AB4831C9F284}"
EndProject
Project("{9A19103F-16F7-4668-BE54-9A1E7A4F7556}") = "MeterReadings.Api", "MeterReadings.Api\MeterReadings.Api.csproj", "{7633CCAF-B8E5-420B-8BC7-5A0E9FF95AF4}"
EndProject
Project("{9A19103F-16F7-4668-BE54-9A1E7A4F7556}") = "MeterReadings.ApiTests", "MeterReadings.ApiTests\MeterReadings.ApiTests.csproj", "{314D89E4-E409-4350-9830-856A1CBBB7A5}"
EndProject
Project("{9A19103F-16F7-4668-BE54-9A1E7A4F7556}") = "MeterReadings.MvcApp", "MeterReadings.MvcApp\MeterReadings.MvcApp.csproj", "{5FFF3C59-FD5B-4B1C-8ED8-39E35FBD0F17}"
EndProject
Project("{9A19103F-16F7-4668-BE54-9A1E7A4F7556}") = "MeterReadingsBlazorWasmApp", "MeterReadingsBlazorWasmApp\MeterReadingsBlazorWasmApp.csproj", "{DEF62912-FB2B-428E-88E2-A0FEF3B376C0}"
EndProject
Global
	GlobalSection(SolutionConfigurationPlatforms) = preSolution
		Debug|Any CPU = Debug|Any CPU
		Release|Any CPU = Release|Any CPU
	EndGlobalSection
	GlobalSection(ProjectConfigurationPlatforms) = postSolution
		{CCE3FBF3-A899-4D3E-B104-649D53B46AFB}.Debug|Any CPU.ActiveCfg = Debug|Any CPU
		{CCE3FBF3-A899-4D3E-B104-649D53B46AFB}.Debug|Any CPU.Build.0 = Debug|Any CPU
		{CCE3FBF3-A899-4D3E-B104-649D53B46AFB}.Release|Any CPU.ActiveCfg = Release|Any CPU
		{CCE3FBF3-A899-4D3E-B104-649D53B46AFB}.Release|Any CPU.Build.0 = Release|Any CPU
		{BFA8E391-0799-4B68-8BB9-617A972AFC77}.Debug|Any CPU.ActiveCfg = Debug|Any CPU
		{BFA8E391-0799-4B68-8BB9-617A972AFC77}.Debug|Any CPU.Build.0 = Debug|Any CPU
		{BFA8E391-0799-4B68-8BB9-617A972AFC77}.Release|Any CPU.ActiveCfg = Release|Any CPU
		{BFA8E391-0799-4B68-8BB9-617A972AFC77}.Release|Any CPU.Build.0 = Release|Any CPU
		{D04AA21E-0F01-4CEE-AC6F-847A90107458}.Debug|Any CPU.ActiveCfg = Debug|Any CPU
		{D04AA21E-0F01-4CEE-AC6F-847A90107458}.Debug|Any CPU.Build.0 = Debug|Any CPU
		{D04AA21E-0F01-4CEE-AC6F-847A90107458}.Release|Any CPU.ActiveCfg = Release|Any CPU
		{D04AA21E-0F01-4CEE-AC6F-847A90107458}.Release|Any CPU.Build.0 = Release|Any CPU
		{49FB47ED-3E97-464B-865B-F16F36BFB337}.Debug|Any CPU.ActiveCfg = Debug|Any CPU
		{49FB47ED-3E97-464B-865B-F16F36BFB337}.Debug|Any CPU.Build.0 = Debug|Any CPU
		{49FB47ED-3E97-464B-865B-F16F36BFB337}.Release|Any CPU.ActiveCfg = Release|Any CPU
		{49FB47ED-3E97-464B-865B-F16F36BFB337}.Release|Any CPU.Build.0 = Release|Any CPU
		{2B2AFE5B-236C-4C10-A8FA-46432CF4AC00}.Debug|Any CPU.ActiveCfg = Debug|Any CPU
		{2B2AFE5B-236C-4C10-A8FA-46432CF4AC00}.Debug|Any CPU.Build.0 = Debug|Any CPU
		{2B2AFE5B-236C-4C10-A8FA-46432CF4AC00}.Release|Any CPU.ActiveCfg = Release|Any CPU
		{2B2AFE5B-236C-4C10-A8FA-46432CF4AC00}.Release|Any CPU.Build.0 = Release|Any CPU
		{65BB5737-A285-4D70-A97E-AB4831C9F284}.Debug|Any CPU.ActiveCfg = Debug|Any CPU
		{65BB5737-A285-4D70-A97E-AB4831C9F284}.Debug|Any CPU.Build.0 = Debug|Any CPU
		{65BB5737-A285-4D70-A97E-AB4831C9F284}.Release|Any CPU.ActiveCfg = Release|Any CPU
		{65BB5737-A285-4D70-A97E-AB4831C9F284}.Release|Any CPU.Build.0 = Release|Any CPU
		{7633CCAF-B8E5-420B-8BC7-5A0E9FF95AF4}.Debug|Any CPU.ActiveCfg = Debug|Any CPU
		{7633CCAF-B8E5-420B-8BC7-5A0E9FF95AF4}.Debug|Any CPU.Build.0 = Debug|Any CPU
		{7633CCAF-B8E5-420B-8BC7-5A0E9FF95AF4}.Release|Any CPU.ActiveCfg = Release|Any CPU
		{7633CCAF-B8E5-420B-8BC7-5A0E9FF95AF4}.Release|Any CPU.Build.0 = Release|Any CPU
		{314D89E4-E409-4350-9830-856A1CBBB7A5}.Debug|Any CPU.ActiveCfg = Debug|Any CPU
		{314D89E4-E409-4350-9830-856A1CBBB7A5}.Debug|Any CPU.Build.0 = Debug|Any CPU
		{314D89E4-E409-4350-9830-856A1CBBB7A5}.Release|Any CPU.ActiveCfg = Release|Any CPU
		{314D89E4-E409-4350-9830-856A1CBBB7A5}.Release|Any CPU.Build.0 = Release|Any CPU
		{5FFF3C59-FD5B-4B1C-8ED8-39E35FBD0F17}.Debug|Any CPU.ActiveCfg = Debug|Any CPU
		{5FFF3C59-FD5B-4B1C-8ED8-39E35FBD0F17}.Debug|Any CPU.Build.0 = Debug|Any CPU
		{5FFF3C59-FD5B-4B1C-8ED8-39E35FBD0F17}.Release|Any CPU.ActiveCfg = Release|Any CPU
		{5FFF3C59-FD5B-4B1C-8ED8-39E35FBD0F17}.Release|Any CPU.Build.0 = Release|Any CPU
		{DEF62912-FB2B-428E-88E2-A0FEF3B376C0}.Debug|Any CPU.ActiveCfg = Debug|Any CPU
		{DEF62912-FB2B-428E-88E2-A0FEF3B376C0}.Debug|Any CPU.Build.0 = Debug|Any CPU
		{DEF62912-FB2B-428E-88E2-A0FEF3B376C0}.Release|Any CPU.ActiveCfg = Release|Any CPU
		{DEF62912-FB2B-428E-88E2-A0FEF3B376C0}.Release|Any CPU.Build.0 = Release|Any CPU
	EndGlobalSection
	GlobalSection(SolutionProperties) = preSolution
		HideSolutionNode = FALSE
	EndGlobalSection
	GlobalSection(ExtensibilityGlobals) = postSolution
		SolutionGuid = {CA5C02A4-D7E9-4943-9C7C-09CE0D0D143C}
	EndGlobalSection
EndGlobal
